<?xml version="1.0" encoding="utf-8"?>
<Project ToolsVersion="4.0" xmlns="http://schemas.microsoft.com/developer/msbuild/2003">
  <ItemGroup>
    <Filter Include="src">
      <UniqueIdentifier>{e1ef62ba-2e7e-4952-8679-6592870ee5c8}</UniqueIdentifier>
    </Filter>
    <Filter Include="src\platform">
      <UniqueIdentifier>{1f7422ec-383c-4581-be46-93bdc13b3099}</UniqueIdentifier>
    </Filter>
    <Filter Include="src\platform\win32">
      <UniqueIdentifier>{ace44e94-007e-4285-b88d-c50cb81952a3}</UniqueIdentifier>
    </Filter>
    <Filter Include="src\core">
      <UniqueIdentifier>{8e4bd928-888b-40c0-99c1-c37918f3accd}</UniqueIdentifier>
    </Filter>
    <Filter Include="src\net">
      <UniqueIdentifier>{5243f69f-765e-4d1d-ac16-e31ecf3c827e}</UniqueIdentifier>
    </Filter>
  </ItemGroup>
  <ItemGroup>
    <ClInclude Include="src\platform\win32\platform.h">
      <Filter>src\platform\win32</Filter>
    </ClInclude>
    <ClInclude Include="src\core\object.h">
      <Filter>src\core</Filter>
    </ClInclude>
    <ClInclude Include="src\tales.h">
      <Filter>src</Filter>
    </ClInclude>
    <ClInclude Include="src\core\string.h">
      <Filter>src\core</Filter>
    </ClInclude>
    <ClInclude Include="src\core\array.h">
      <Filter>src\core</Filter>
    </ClInclude>
    <ClInclude Include="src\core\map.h">
      <Filter>src\core</Filter>
    </ClInclude>
    <ClInclude Include="src\net\socket.h">
      <Filter>src\net</Filter>
    </ClInclude>
  </ItemGroup>
  <ItemGroup>
    <ClCompile Include="src\core\object.cpp">
      <Filter>src\core</Filter>
    </ClCompile>
    <ClCompile Include="src\tales.cpp">
      <Filter>src</Filter>
    </ClCompile>
    <ClCompile Include="src\core\string.cpp">
      <Filter>src\core</Filter>
    </ClCompile>
    <ClCompile Include="src\net\socket.cpp">
      <Filter>src\net</Filter>
    </ClCompile>
  </ItemGroup>
  <ItemGroup>
    <None Include="src\core\array.inl">
      <Filter>src\core</Filter>
    </None>
    <None Include="src\core\map.inl">
      <Filter>src\core</Filter>
    </None>
  </ItemGroup>
</Project>